
Microsoft Visual Studio Solution File, Format Version 12.00
# Visual Studio 15
VisualStudioVersion = 15.0.28307.852
MinimumVisualStudioVersion = 10.0.40219.1
Project("{8BC9CEB8-8B4A-11D0-8D11-00A0C91BC942}") = "STM32F407StandardRoutine_HAL", "STM32F407StandardRoutine_HAL.vcxproj", "{B983FB30-1BE8-4B5D-9F87-50EDB3CB6053}"
EndProject
Global
	GlobalSection(SolutionConfigurationPlatforms) = preSolution
		Debug|VisualGDB = Debug|VisualGDB
		Release|VisualGDB = Release|VisualGDB
	EndGlobalSection
	GlobalSection(ProjectConfigurationPlatforms) = postSolution
		{B983FB30-1BE8-4B5D-9F87-50EDB3CB6053}.Debug|VisualGDB.ActiveCfg = Debug|VisualGDB
		{B983FB30-1BE8-4B5D-9F87-50EDB3CB6053}.Debug|VisualGDB.Build.0 = Debug|VisualGDB
		{B983FB30-1BE8-4B5D-9F87-50EDB3CB6053}.Release|VisualGDB.ActiveCfg = Release|VisualGDB
		{B983FB30-1BE8-4B5D-9F87-50EDB3CB6053}.Release|VisualGDB.Build.0 = Release|VisualGDB
	EndGlobalSection
	GlobalSection(SolutionProperties) = preSolution
		HideSolutionNode = FALSE
	EndGlobalSection
	GlobalSection(ExtensibilityGlobals) = postSolution
		SolutionGuid = {1E2BF751-6709-4F54-A2A1-921F236A1E91}
	EndGlobalSection
EndGlobal
