<?xml version="1.0" encoding="utf-8"?>
<Project ToolsVersion="4.0" xmlns="http://schemas.microsoft.com/developer/msbuild/2003">
  <ItemGroup>
    <Filter Include="Source files">
      <UniqueIdentifier>{609d6795-41af-42a0-9539-4289bc89534a}</UniqueIdentifier>
      <Extensions>cpp;c;cc;cxx;def;odl;idl;hpj;bat;asm;asmx</Extensions>
    </Filter>
    <Filter Include="Header files">
      <UniqueIdentifier>{e79ed7f0-ba0a-413c-b93f-2df42eb5c355}</UniqueIdentifier>
      <Extensions>h;hpp;hxx;hm;inl;inc;xsd</Extensions>
    </Filter>
    <Filter Include="Resource files">
      <UniqueIdentifier>{f24edd57-d535-4e7e-a295-913855626ddb}</UniqueIdentifier>
      <Extensions>rc;ico;cur;bmp;dlg;rc2;rct;bin;rgs;gif;jpg;jpeg;jpe;resx;tiff;tif;png;wav</Extensions>
    </Filter>
    <Filter Include="Source files\USER">
      <UniqueIdentifier>{246e96ce-6f94-449c-ac8b-abc9a90a6d3d}</UniqueIdentifier>
    </Filter>
    <Filter Include="Source files\CORE">
      <UniqueIdentifier>{329b2f6b-e523-44ee-b2c6-84056e37d347}</UniqueIdentifier>
    </Filter>
    <Filter Include="Source files\HALLIB">
      <UniqueIdentifier>{114eb2fb-f7c9-4302-bafa-8ea183474c33}</UniqueIdentifier>
    </Filter>
    <Filter Include="Source files\SYSTEM">
      <UniqueIdentifier>{356e89ed-5e60-4041-a07f-d305374e0d8f}</UniqueIdentifier>
    </Filter>
    <Filter Include="Source files\HARDWARE">
      <UniqueIdentifier>{1275f963-0981-415f-bbb0-a668743b2e1c}</UniqueIdentifier>
    </Filter>
    <Filter Include="Source files\README">
      <UniqueIdentifier>{cf69f16e-e0db-4dbe-bf7a-fc393354a7e1}</UniqueIdentifier>
    </Filter>
    <Filter Include="Source files\Device-specific files">
      <UniqueIdentifier>{f66ee5b0-3751-4aa3-beed-5f9a9b2ab7e6}</UniqueIdentifier>
    </Filter>
    <Filter Include="Header files\USER">
      <UniqueIdentifier>{573f961f-b81d-469c-98aa-342ef6324067}</UniqueIdentifier>
    </Filter>
    <Filter Include="Header files\CORE">
      <UniqueIdentifier>{3ccf7670-589a-4e21-a741-d03f3463c51b}</UniqueIdentifier>
    </Filter>
    <Filter Include="Header files\HALLIB">
      <UniqueIdentifier>{3f20f83c-1538-4efb-b367-c61dc8ce404a}</UniqueIdentifier>
    </Filter>
    <Filter Include="Header files\SYSTEM">
      <UniqueIdentifier>{c326fd62-439d-4b1b-aa58-997e8ba87c34}</UniqueIdentifier>
    </Filter>
    <Filter Include="Header files\HARDWARE">
      <UniqueIdentifier>{7d92d141-0868-4d5d-8208-026ca5552ddb}</UniqueIdentifier>
    </Filter>
    <Filter Include="Header files\README">
      <UniqueIdentifier>{43a05778-ac48-4159-8e92-1bd471feaae2}</UniqueIdentifier>
    </Filter>
    <Filter Include="Header files\Device-specific files">
      <UniqueIdentifier>{e0bd50f2-b542-4fab-804f-7c437ee3227f}</UniqueIdentifier>
    </Filter>
    <Filter Include="VisualGDB settings">
      <UniqueIdentifier>{e4aad0d4-4ee2-429a-bdd1-0556fddd6b68}</UniqueIdentifier>
    </Filter>
  </ItemGroup>
  <ItemGroup>
    <ClCompile Include="..\..\..\USER\main.c">
      <Filter>Source files\USER</Filter>
    </ClCompile>
    <ClCompile Include="..\..\..\USER\stm32f4xx_it.c">
      <Filter>Source files\USER</Filter>
    </ClCompile>
    <ClCompile Include="..\..\..\USER\system_stm32f4xx.c">
      <Filter>Source files\USER</Filter>
    </ClCompile>
    <ClCompile Include="..\..\..\USER\stm32f4xx_hal_msp.c">
      <Filter>Source files\USER</Filter>
    </ClCompile>
    <ClCompile Include="..\..\..\CORE\startup_stm32f407xx.s">
      <Filter>Source files\CORE</Filter>
    </ClCompile>
    <ClCompile Include="..\..\..\HALLIB\STM32F4xx_HAL_Driver\Src\stm32f4xx_hal.c">
      <Filter>Source files\HALLIB</Filter>
    </ClCompile>
    <ClCompile Include="..\..\..\HALLIB\STM32F4xx_HAL_Driver\Src\stm32f4xx_hal_cortex.c">
      <Filter>Source files\HALLIB</Filter>
    </ClCompile>
    <ClCompile Include="..\..\..\HALLIB\STM32F4xx_HAL_Driver\Src\stm32f4xx_hal_gpio.c">
      <Filter>Source files\HALLIB</Filter>
    </ClCompile>
    <ClCompile Include="..\..\..\HALLIB\STM32F4xx_HAL_Driver\Src\stm32f4xx_hal_pwr.c">
      <Filter>Source files\HALLIB</Filter>
    </ClCompile>
    <ClCompile Include="..\..\..\HALLIB\STM32F4xx_HAL_Driver\Src\stm32f4xx_hal_pwr_ex.c">
      <Filter>Source files\HALLIB</Filter>
    </ClCompile>
    <ClCompile Include="..\..\..\HALLIB\STM32F4xx_HAL_Driver\Src\stm32f4xx_hal_rcc.c">
      <Filter>Source files\HALLIB</Filter>
    </ClCompile>
    <ClCompile Include="..\..\..\HALLIB\STM32F4xx_HAL_Driver\Src\stm32f4xx_hal_rcc_ex.c">
      <Filter>Source files\HALLIB</Filter>
    </ClCompile>
    <ClCompile Include="..\..\..\HALLIB\STM32F4xx_HAL_Driver\Src\stm32f4xx_hal_uart.c">
      <Filter>Source files\HALLIB</Filter>
    </ClCompile>
    <ClCompile Include="..\..\..\HALLIB\STM32F4xx_HAL_Driver\Src\stm32f4xx_hal_usart.c">
      <Filter>Source files\HALLIB</Filter>
    </ClCompile>
    <ClCompile Include="..\..\..\HALLIB\STM32F4xx_HAL_Driver\Src\stm32f4xx_hal_dma.c">
      <Filter>Source files\HALLIB</Filter>
    </ClCompile>
    <ClCompile Include="..\..\..\HALLIB\STM32F4xx_HAL_Driver\Src\stm32f4xx_hal_dma_ex.c">
      <Filter>Source files\HALLIB</Filter>
    </ClCompile>
    <ClCompile Include="..\..\..\HALLIB\STM32F4xx_HAL_Driver\Src\stm32f4xx_hal_tim.c">
      <Filter>Source files\HALLIB</Filter>
    </ClCompile>
    <ClCompile Include="..\..\..\HALLIB\STM32F4xx_HAL_Driver\Src\stm32f4xx_hal_tim_ex.c">
      <Filter>Source files\HALLIB</Filter>
    </ClCompile>
    <ClCompile Include="..\..\..\SYSTEM\delay\delay.c">
      <Filter>Source files\SYSTEM</Filter>
    </ClCompile>
    <ClCompile Include="..\..\..\SYSTEM\sys\sys.c">
      <Filter>Source files\SYSTEM</Filter>
    </ClCompile>
    <ClCompile Include="..\..\..\SYSTEM\usart\usart.c">
      <Filter>Source files\SYSTEM</Filter>
    </ClCompile>
    <ClCompile Include="..\..\..\HARDWARE\LED\led.c">
      <Filter>Source files\HARDWARE</Filter>
    </ClCompile>
    <ClCompile Include="..\..\..\HARDWARE\KEY\key.c">
      <Filter>Source files\HARDWARE</Filter>
    </ClCompile>
    <ClCompile Include="..\..\..\HARDWARE\TIMER\timer.c">
      <Filter>Source files\HARDWARE</Filter>
    </ClCompile>
    <None Include="mcu.props">
      <Filter>Source files\Device-specific files</Filter>
    </None>
    <ClInclude Include="..\..\..\CORE\core_cm4.h">
      <Filter>Header files\CORE</Filter>
    </ClInclude>
    <ClInclude Include="..\..\..\CORE\cmsis_armcc.h">
      <Filter>Header files\CORE</Filter>
    </ClInclude>
    <ClInclude Include="..\..\..\CORE\core_cmFunc.h">
      <Filter>Header files\CORE</Filter>
    </ClInclude>
    <ClInclude Include="..\..\..\CORE\core_cmInstr.h">
      <Filter>Header files\CORE</Filter>
    </ClInclude>
    <ClInclude Include="..\..\..\CORE\core_cmSimd.h">
      <Filter>Header files\CORE</Filter>
    </ClInclude>
    <ClInclude Include="$(BSP_ROOT)\Drivers\CMSIS\Device\ST\STM32F4xx\Include\stm32f4xx.h">
      <Filter>Header files\Device-specific files</Filter>
    </ClInclude>
    <None Include="Experiment_09_PWMOutput-Debug.vgdbsettings">
      <Filter>VisualGDB settings</Filter>
    </None>
    <None Include="Experiment_09_PWMOutput-Release.vgdbsettings">
      <Filter>VisualGDB settings</Filter>
    </None>
    <None Include="MCU.xml">
      <Filter>VisualGDB settings</Filter>
    </None>
  </ItemGroup>
  <ItemGroup>
    <ClInclude Include="C:\Program Files (x86)\Sysprogs\VisualGDB\builtins_ia32.h">
      <Filter>Header files</Filter>
    </ClInclude>
    <ClInclude Include="..\..\..\SYSTEM\delay\delay.h">
      <Filter>Header files</Filter>
    </ClInclude>
    <ClInclude Include="C:\Program Files (x86)\Sysprogs\VisualGDB\gcc_compat.h">
      <Filter>Header files</Filter>
    </ClInclude>
    <ClInclude Include="..\..\..\HARDWARE\KEY\key.h">
      <Filter>Header files</Filter>
    </ClInclude>
    <ClInclude Include="..\..\..\HARDWARE\LED\led.h">
      <Filter>Header files</Filter>
    </ClInclude>
    <ClInclude Include="..\..\..\USER\main.h">
      <Filter>Header files</Filter>
    </ClInclude>
    <ClInclude Include="..\..\..\HALLIB\STM32F4xx_HAL_Driver\Inc\Legacy\stm32_hal_legacy.h">
      <Filter>Header files</Filter>
    </ClInclude>
    <ClInclude Include="..\..\..\USER\stm32f4xx.h">
      <Filter>Header files</Filter>
    </ClInclude>
    <ClInclude Include="..\..\..\HALLIB\STM32F4xx_HAL_Driver\Inc\stm32f4xx_hal.h">
      <Filter>Header files</Filter>
    </ClInclude>
    <ClInclude Include="..\..\..\HALLIB\STM32F4xx_HAL_Driver\Inc\stm32f4xx_hal_adc.h">
      <Filter>Header files</Filter>
    </ClInclude>
    <ClInclude Include="..\..\..\HALLIB\STM32F4xx_HAL_Driver\Inc\stm32f4xx_hal_adc_ex.h">
      <Filter>Header files</Filter>
    </ClInclude>
    <ClInclude Include="..\..\..\HALLIB\STM32F4xx_HAL_Driver\Inc\stm32f4xx_hal_can.h">
      <Filter>Header files</Filter>
    </ClInclude>
    <ClInclude Include="..\..\..\USER\stm32f4xx_hal_conf.h">
      <Filter>Header files</Filter>
    </ClInclude>
    <ClInclude Include="..\..\..\HALLIB\STM32F4xx_HAL_Driver\Inc\stm32f4xx_hal_cortex.h">
      <Filter>Header files</Filter>
    </ClInclude>
    <ClInclude Include="..\..\..\HALLIB\STM32F4xx_HAL_Driver\Inc\stm32f4xx_hal_crc.h">
      <Filter>Header files</Filter>
    </ClInclude>
    <ClInclude Include="..\..\..\HALLIB\STM32F4xx_HAL_Driver\Inc\stm32f4xx_hal_cryp.h">
      <Filter>Header files</Filter>
    </ClInclude>
    <ClInclude Include="..\..\..\HALLIB\STM32F4xx_HAL_Driver\Inc\stm32f4xx_hal_cryp_ex.h">
      <Filter>Header files</Filter>
    </ClInclude>
    <ClInclude Include="..\..\..\HALLIB\STM32F4xx_HAL_Driver\Inc\stm32f4xx_hal_dac.h">
      <Filter>Header files</Filter>
    </ClInclude>
    <ClInclude Include="..\..\..\HALLIB\STM32F4xx_HAL_Driver\Inc\stm32f4xx_hal_dac_ex.h">
      <Filter>Header files</Filter>
    </ClInclude>
    <ClInclude Include="..\..\..\HALLIB\STM32F4xx_HAL_Driver\Inc\stm32f4xx_hal_dcmi.h">
      <Filter>Header files</Filter>
    </ClInclude>
    <ClInclude Include="..\..\..\HALLIB\STM32F4xx_HAL_Driver\Inc\stm32f4xx_hal_dcmi_ex.h">
      <Filter>Header files</Filter>
    </ClInclude>
    <ClInclude Include="..\..\..\HALLIB\STM32F4xx_HAL_Driver\Inc\stm32f4xx_hal_def.h">
      <Filter>Header files</Filter>
    </ClInclude>
    <ClInclude Include="..\..\..\HALLIB\STM32F4xx_HAL_Driver\Inc\stm32f4xx_hal_dma.h">
      <Filter>Header files</Filter>
    </ClInclude>
    <ClInclude Include="..\..\..\HALLIB\STM32F4xx_HAL_Driver\Inc\stm32f4xx_hal_dma_ex.h">
      <Filter>Header files</Filter>
    </ClInclude>
    <ClInclude Include="..\..\..\HALLIB\STM32F4xx_HAL_Driver\Inc\stm32f4xx_hal_dma2d.h">
      <Filter>Header files</Filter>
    </ClInclude>
    <ClInclude Include="..\..\..\HALLIB\STM32F4xx_HAL_Driver\Inc\stm32f4xx_hal_dsi.h">
      <Filter>Header files</Filter>
    </ClInclude>
    <ClInclude Include="..\..\..\HALLIB\STM32F4xx_HAL_Driver\Inc\stm32f4xx_hal_eth.h">
      <Filter>Header files</Filter>
    </ClInclude>
    <ClInclude Include="..\..\..\HALLIB\STM32F4xx_HAL_Driver\Inc\stm32f4xx_hal_flash.h">
      <Filter>Header files</Filter>
    </ClInclude>
    <ClInclude Include="..\..\..\HALLIB\STM32F4xx_HAL_Driver\Inc\stm32f4xx_hal_flash_ex.h">
      <Filter>Header files</Filter>
    </ClInclude>
    <ClInclude Include="..\..\..\HALLIB\STM32F4xx_HAL_Driver\Inc\stm32f4xx_hal_flash_ramfunc.h">
      <Filter>Header files</Filter>
    </ClInclude>
    <ClInclude Include="..\..\..\HALLIB\STM32F4xx_HAL_Driver\Inc\stm32f4xx_hal_gpio.h">
      <Filter>Header files</Filter>
    </ClInclude>
    <ClInclude Include="..\..\..\HALLIB\STM32F4xx_HAL_Driver\Inc\stm32f4xx_hal_gpio_ex.h">
      <Filter>Header files</Filter>
    </ClInclude>
    <ClInclude Include="..\..\..\HALLIB\STM32F4xx_HAL_Driver\Inc\stm32f4xx_hal_hash.h">
      <Filter>Header files</Filter>
    </ClInclude>
    <ClInclude Include="..\..\..\HALLIB\STM32F4xx_HAL_Driver\Inc\stm32f4xx_hal_hash_ex.h">
      <Filter>Header files</Filter>
    </ClInclude>
    <ClInclude Include="..\..\..\HALLIB\STM32F4xx_HAL_Driver\Inc\stm32f4xx_hal_hcd.h">
      <Filter>Header files</Filter>
    </ClInclude>
    <ClInclude Include="..\..\..\HALLIB\STM32F4xx_HAL_Driver\Inc\stm32f4xx_hal_i2c.h">
      <Filter>Header files</Filter>
    </ClInclude>
    <ClInclude Include="..\..\..\HALLIB\STM32F4xx_HAL_Driver\Inc\stm32f4xx_hal_i2c_ex.h">
      <Filter>Header files</Filter>
    </ClInclude>
    <ClInclude Include="..\..\..\HALLIB\STM32F4xx_HAL_Driver\Inc\stm32f4xx_hal_i2s.h">
      <Filter>Header files</Filter>
    </ClInclude>
    <ClInclude Include="..\..\..\HALLIB\STM32F4xx_HAL_Driver\Inc\stm32f4xx_hal_i2s_ex.h">
      <Filter>Header files</Filter>
    </ClInclude>
    <ClInclude Include="..\..\..\HALLIB\STM32F4xx_HAL_Driver\Inc\stm32f4xx_hal_irda.h">
      <Filter>Header files</Filter>
    </ClInclude>
    <ClInclude Include="..\..\..\HALLIB\STM32F4xx_HAL_Driver\Inc\stm32f4xx_hal_iwdg.h">
      <Filter>Header files</Filter>
    </ClInclude>
    <ClInclude Include="..\..\..\HALLIB\STM32F4xx_HAL_Driver\Inc\stm32f4xx_hal_ltdc.h">
      <Filter>Header files</Filter>
    </ClInclude>
    <ClInclude Include="..\..\..\HALLIB\STM32F4xx_HAL_Driver\Inc\stm32f4xx_hal_ltdc_ex.h">
      <Filter>Header files</Filter>
    </ClInclude>
    <ClInclude Include="..\..\..\HALLIB\STM32F4xx_HAL_Driver\Inc\stm32f4xx_hal_nand.h">
      <Filter>Header files</Filter>
    </ClInclude>
    <ClInclude Include="..\..\..\HALLIB\STM32F4xx_HAL_Driver\Inc\stm32f4xx_hal_nor.h">
      <Filter>Header files</Filter>
    </ClInclude>
    <ClInclude Include="..\..\..\HALLIB\STM32F4xx_HAL_Driver\Inc\stm32f4xx_hal_pccard.h">
      <Filter>Header files</Filter>
    </ClInclude>
    <ClInclude Include="..\..\..\HALLIB\STM32F4xx_HAL_Driver\Inc\stm32f4xx_hal_pcd.h">
      <Filter>Header files</Filter>
    </ClInclude>
    <ClInclude Include="..\..\..\HALLIB\STM32F4xx_HAL_Driver\Inc\stm32f4xx_hal_pcd_ex.h">
      <Filter>Header files</Filter>
    </ClInclude>
    <ClInclude Include="..\..\..\HALLIB\STM32F4xx_HAL_Driver\Inc\stm32f4xx_hal_pwr.h">
      <Filter>Header files</Filter>
    </ClInclude>
    <ClInclude Include="..\..\..\HALLIB\STM32F4xx_HAL_Driver\Inc\stm32f4xx_hal_pwr_ex.h">
      <Filter>Header files</Filter>
    </ClInclude>
    <ClInclude Include="..\..\..\HALLIB\STM32F4xx_HAL_Driver\Inc\stm32f4xx_hal_rcc.h">
      <Filter>Header files</Filter>
    </ClInclude>
    <ClInclude Include="..\..\..\HALLIB\STM32F4xx_HAL_Driver\Inc\stm32f4xx_hal_rcc_ex.h">
      <Filter>Header files</Filter>
    </ClInclude>
    <ClInclude Include="..\..\..\HALLIB\STM32F4xx_HAL_Driver\Inc\stm32f4xx_hal_rng.h">
      <Filter>Header files</Filter>
    </ClInclude>
    <ClInclude Include="..\..\..\HALLIB\STM32F4xx_HAL_Driver\Inc\stm32f4xx_hal_rtc.h">
      <Filter>Header files</Filter>
    </ClInclude>
    <ClInclude Include="..\..\..\HALLIB\STM32F4xx_HAL_Driver\Inc\stm32f4xx_hal_rtc_ex.h">
      <Filter>Header files</Filter>
    </ClInclude>
    <ClInclude Include="..\..\..\HALLIB\STM32F4xx_HAL_Driver\Inc\stm32f4xx_hal_sai.h">
      <Filter>Header files</Filter>
    </ClInclude>
    <ClInclude Include="..\..\..\HALLIB\STM32F4xx_HAL_Driver\Inc\stm32f4xx_hal_sai_ex.h">
      <Filter>Header files</Filter>
    </ClInclude>
    <ClInclude Include="..\..\..\HALLIB\STM32F4xx_HAL_Driver\Inc\stm32f4xx_hal_sd.h">
      <Filter>Header files</Filter>
    </ClInclude>
    <ClInclude Include="..\..\..\HALLIB\STM32F4xx_HAL_Driver\Inc\stm32f4xx_hal_sdram.h">
      <Filter>Header files</Filter>
    </ClInclude>
    <ClInclude Include="..\..\..\HALLIB\STM32F4xx_HAL_Driver\Inc\stm32f4xx_hal_smartcard.h">
      <Filter>Header files</Filter>
    </ClInclude>
    <ClInclude Include="..\..\..\HALLIB\STM32F4xx_HAL_Driver\Inc\stm32f4xx_hal_spi.h">
      <Filter>Header files</Filter>
    </ClInclude>
    <ClInclude Include="..\..\..\HALLIB\STM32F4xx_HAL_Driver\Inc\stm32f4xx_hal_sram.h">
      <Filter>Header files</Filter>
    </ClInclude>
    <ClInclude Include="..\..\..\HALLIB\STM32F4xx_HAL_Driver\Inc\stm32f4xx_hal_tim.h">
      <Filter>Header files</Filter>
    </ClInclude>
    <ClInclude Include="..\..\..\HALLIB\STM32F4xx_HAL_Driver\Inc\stm32f4xx_hal_tim_ex.h">
      <Filter>Header files</Filter>
    </ClInclude>
    <ClInclude Include="..\..\..\HALLIB\STM32F4xx_HAL_Driver\Inc\stm32f4xx_hal_uart.h">
      <Filter>Header files</Filter>
    </ClInclude>
    <ClInclude Include="..\..\..\HALLIB\STM32F4xx_HAL_Driver\Inc\stm32f4xx_hal_usart.h">
      <Filter>Header files</Filter>
    </ClInclude>
    <ClInclude Include="..\..\..\HALLIB\STM32F4xx_HAL_Driver\Inc\stm32f4xx_hal_wwdg.h">
      <Filter>Header files</Filter>
    </ClInclude>
    <ClInclude Include="..\..\..\USER\stm32f4xx_it.h">
      <Filter>Header files</Filter>
    </ClInclude>
    <ClInclude Include="..\..\..\HALLIB\STM32F4xx_HAL_Driver\Inc\stm32f4xx_ll_fmc.h">
      <Filter>Header files</Filter>
    </ClInclude>
    <ClInclude Include="..\..\..\HALLIB\STM32F4xx_HAL_Driver\Inc\stm32f4xx_ll_fsmc.h">
      <Filter>Header files</Filter>
    </ClInclude>
    <ClInclude Include="..\..\..\HALLIB\STM32F4xx_HAL_Driver\Inc\stm32f4xx_ll_sdmmc.h">
      <Filter>Header files</Filter>
    </ClInclude>
    <ClInclude Include="..\..\..\HALLIB\STM32F4xx_HAL_Driver\Inc\stm32f4xx_ll_usb.h">
      <Filter>Header files</Filter>
    </ClInclude>
    <ClInclude Include="G:\MDK\ARM\PACK\Keil\STM32F4xx_DFP\2.6.0\Drivers\CMSIS\Device\ST\STM32F4xx\Include\stm32f401xc.h">
      <Filter>Header files</Filter>
    </ClInclude>
    <ClInclude Include="G:\MDK\ARM\PACK\Keil\STM32F4xx_DFP\2.6.0\Drivers\CMSIS\Device\ST\STM32F4xx\Include\stm32f401xe.h">
      <Filter>Header files</Filter>
    </ClInclude>
    <ClInclude Include="G:\MDK\ARM\PACK\Keil\STM32F4xx_DFP\2.6.0\Drivers\CMSIS\Device\ST\STM32F4xx\Include\stm32f405xx.h">
      <Filter>Header files</Filter>
    </ClInclude>
    <ClInclude Include="..\..\..\USER\stm32f407xx.h">
      <Filter>Header files</Filter>
    </ClInclude>
    <ClInclude Include="G:\MDK\ARM\PACK\Keil\STM32F4xx_DFP\2.6.0\Drivers\CMSIS\Device\ST\STM32F4xx\Include\stm32f410cx.h">
      <Filter>Header files</Filter>
    </ClInclude>
    <ClInclude Include="G:\MDK\ARM\PACK\Keil\STM32F4xx_DFP\2.6.0\Drivers\CMSIS\Device\ST\STM32F4xx\Include\stm32f410rx.h">
      <Filter>Header files</Filter>
    </ClInclude>
    <ClInclude Include="G:\MDK\ARM\PACK\Keil\STM32F4xx_DFP\2.6.0\Drivers\CMSIS\Device\ST\STM32F4xx\Include\stm32f410tx.h">
      <Filter>Header files</Filter>
    </ClInclude>
    <ClInclude Include="G:\MDK\ARM\PACK\Keil\STM32F4xx_DFP\2.6.0\Drivers\CMSIS\Device\ST\STM32F4xx\Include\stm32f411xe.h">
      <Filter>Header files</Filter>
    </ClInclude>
    <ClInclude Include="G:\MDK\ARM\PACK\Keil\STM32F4xx_DFP\2.6.0\Drivers\CMSIS\Device\ST\STM32F4xx\Include\stm32f415xx.h">
      <Filter>Header files</Filter>
    </ClInclude>
    <ClInclude Include="G:\MDK\ARM\PACK\Keil\STM32F4xx_DFP\2.6.0\Drivers\CMSIS\Device\ST\STM32F4xx\Include\stm32f417xx.h">
      <Filter>Header files</Filter>
    </ClInclude>
    <ClInclude Include="G:\MDK\ARM\PACK\Keil\STM32F4xx_DFP\2.6.0\Drivers\CMSIS\Device\ST\STM32F4xx\Include\stm32f427xx.h">
      <Filter>Header files</Filter>
    </ClInclude>
    <ClInclude Include="G:\MDK\ARM\PACK\Keil\STM32F4xx_DFP\2.6.0\Drivers\CMSIS\Device\ST\STM32F4xx\Include\stm32f429xx.h">
      <Filter>Header files</Filter>
    </ClInclude>
    <ClInclude Include="G:\MDK\ARM\PACK\Keil\STM32F4xx_DFP\2.6.0\Drivers\CMSIS\Device\ST\STM32F4xx\Include\stm32f437xx.h">
      <Filter>Header files</Filter>
    </ClInclude>
    <ClInclude Include="G:\MDK\ARM\PACK\Keil\STM32F4xx_DFP\2.6.0\Drivers\CMSIS\Device\ST\STM32F4xx\Include\stm32f439xx.h">
      <Filter>Header files</Filter>
    </ClInclude>
    <ClInclude Include="G:\MDK\ARM\PACK\Keil\STM32F4xx_DFP\2.6.0\Drivers\CMSIS\Device\ST\STM32F4xx\Include\stm32f446xx.h">
      <Filter>Header files</Filter>
    </ClInclude>
    <ClInclude Include="G:\MDK\ARM\PACK\Keil\STM32F4xx_DFP\2.6.0\Drivers\CMSIS\Device\ST\STM32F4xx\Include\stm32f469xx.h">
      <Filter>Header files</Filter>
    </ClInclude>
    <ClInclude Include="G:\MDK\ARM\PACK\Keil\STM32F4xx_DFP\2.6.0\Drivers\CMSIS\Device\ST\STM32F4xx\Include\stm32f479xx.h">
      <Filter>Header files</Filter>
    </ClInclude>
    <ClInclude Include="..\..\..\SYSTEM\sys\sys.h">
      <Filter>Header files</Filter>
    </ClInclude>
    <ClInclude Include="G:\MDK\ARM\PACK\Keil\STM32F4xx_DFP\2.6.0\Drivers\CMSIS\Device\ST\STM32F4xx\Include\system_stm32f4xx.h">
      <Filter>Header files</Filter>
    </ClInclude>
    <ClInclude Include="..\..\..\USER\system_stm32f4xx.h">
      <Filter>Header files</Filter>
    </ClInclude>
    <ClInclude Include="..\..\..\HARDWARE\TIMER\timer.h">
      <Filter>Header files</Filter>
    </ClInclude>
    <ClInclude Include="..\..\..\SYSTEM\usart\usart.h">
      <Filter>Header files</Filter>
    </ClInclude>
  </ItemGroup>
  <ItemGroup>
    <None Include="..\..\..\readme.txt">
      <Filter>Resource files</Filter>
    </None>
  </ItemGroup>
</Project>