<?xml version="1.0" encoding="utf-8"?>
<Project ToolsVersion="4.0" xmlns="http://schemas.microsoft.com/developer/msbuild/2003">
  <ItemGroup>
    <Filter Include="Source files">
      <UniqueIdentifier>{2775f7ea-d07f-4d6e-98f9-000431543b1b}</UniqueIdentifier>
      <Extensions>cpp;c;cc;cxx;def;odl;idl;hpj;bat;asm;asmx</Extensions>
    </Filter>
    <Filter Include="Header files">
      <UniqueIdentifier>{8a968e2c-fb4e-42da-86e1-27d3d60a7eac}</UniqueIdentifier>
      <Extensions>h;hpp;hxx;hm;inl;inc;xsd</Extensions>
    </Filter>
    <Filter Include="Resource files">
      <UniqueIdentifier>{21f6f968-3092-4874-bf6a-4bd5ca633044}</UniqueIdentifier>
      <Extensions>rc;ico;cur;bmp;dlg;rc2;rct;bin;rgs;gif;jpg;jpeg;jpe;resx;tiff;tif;png;wav</Extensions>
    </Filter>
    <Filter Include="Source files\USER">
      <UniqueIdentifier>{8fd4690d-695f-48ba-b30b-8e7fb19c3ebd}</UniqueIdentifier>
    </Filter>
    <Filter Include="Source files\CORE">
      <UniqueIdentifier>{480a5069-e6ba-47fd-8b7c-63e404806844}</UniqueIdentifier>
    </Filter>
    <Filter Include="Source files\HALLIB">
      <UniqueIdentifier>{1f8bdcdd-8773-4d3c-8f5e-83cc6bd04793}</UniqueIdentifier>
    </Filter>
    <Filter Include="Source files\SYSTEM">
      <UniqueIdentifier>{88dba72d-722a-4832-a4e9-9a4a998bdd7d}</UniqueIdentifier>
    </Filter>
    <Filter Include="Source files\HARDWARE">
      <UniqueIdentifier>{52ca5c0a-14e6-4b85-bc97-024787db0a9d}</UniqueIdentifier>
    </Filter>
    <Filter Include="Source files\README">
      <UniqueIdentifier>{910f4704-0b9a-4822-9ca1-ee252943cd5a}</UniqueIdentifier>
    </Filter>
    <Filter Include="Source files\Device-specific files">
      <UniqueIdentifier>{75448f17-214e-4ef4-adfe-66beecda0d28}</UniqueIdentifier>
    </Filter>
    <Filter Include="Header files\USER">
      <UniqueIdentifier>{2a5e5d9e-5f64-4c6f-a7ac-a2ca9c5c0b95}</UniqueIdentifier>
    </Filter>
    <Filter Include="Header files\CORE">
      <UniqueIdentifier>{31632635-21e1-4878-b540-671706911b9f}</UniqueIdentifier>
    </Filter>
    <Filter Include="Header files\HALLIB">
      <UniqueIdentifier>{0972c358-f06f-43ca-91ae-42ce3cb9d1d5}</UniqueIdentifier>
    </Filter>
    <Filter Include="Header files\SYSTEM">
      <UniqueIdentifier>{ee9c40f0-90aa-4fa1-aa39-5c96a515d964}</UniqueIdentifier>
    </Filter>
    <Filter Include="Header files\HARDWARE">
      <UniqueIdentifier>{52929f41-10f9-49ba-9854-b3491fd502aa}</UniqueIdentifier>
    </Filter>
    <Filter Include="Header files\README">
      <UniqueIdentifier>{a23a27f2-9147-4735-a75a-1045ce4cba4e}</UniqueIdentifier>
    </Filter>
    <Filter Include="Header files\Device-specific files">
      <UniqueIdentifier>{f7534b9f-8071-4b56-bb72-f9120a0c3e6b}</UniqueIdentifier>
    </Filter>
    <Filter Include="VisualGDB settings">
      <UniqueIdentifier>{c7d539fa-ca7d-4f8a-8f20-e459bc44c442}</UniqueIdentifier>
    </Filter>
  </ItemGroup>
  <ItemGroup>
    <ClCompile Include="..\..\..\USER\main.c">
      <Filter>Source files\USER</Filter>
    </ClCompile>
    <ClCompile Include="..\..\..\USER\stm32f4xx_it.c">
      <Filter>Source files\USER</Filter>
    </ClCompile>
    <ClCompile Include="..\..\..\USER\system_stm32f4xx.c">
      <Filter>Source files\USER</Filter>
    </ClCompile>
    <ClCompile Include="..\..\..\USER\stm32f4xx_hal_msp.c">
      <Filter>Source files\USER</Filter>
    </ClCompile>
    <ClCompile Include="..\..\..\CORE\startup_stm32f407xx.s">
      <Filter>Source files\CORE</Filter>
    </ClCompile>
    <ClCompile Include="..\..\..\HALLIB\STM32F4xx_HAL_Driver\Src\stm32f4xx_hal.c">
      <Filter>Source files\HALLIB</Filter>
    </ClCompile>
    <ClCompile Include="..\..\..\HALLIB\STM32F4xx_HAL_Driver\Src\stm32f4xx_hal_cortex.c">
      <Filter>Source files\HALLIB</Filter>
    </ClCompile>
    <ClCompile Include="..\..\..\HALLIB\STM32F4xx_HAL_Driver\Src\stm32f4xx_hal_gpio.c">
      <Filter>Source files\HALLIB</Filter>
    </ClCompile>
    <ClCompile Include="..\..\..\HALLIB\STM32F4xx_HAL_Driver\Src\stm32f4xx_hal_pwr.c">
      <Filter>Source files\HALLIB</Filter>
    </ClCompile>
    <ClCompile Include="..\..\..\HALLIB\STM32F4xx_HAL_Driver\Src\stm32f4xx_hal_pwr_ex.c">
      <Filter>Source files\HALLIB</Filter>
    </ClCompile>
    <ClCompile Include="..\..\..\HALLIB\STM32F4xx_HAL_Driver\Src\stm32f4xx_hal_rcc.c">
      <Filter>Source files\HALLIB</Filter>
    </ClCompile>
    <ClCompile Include="..\..\..\HALLIB\STM32F4xx_HAL_Driver\Src\stm32f4xx_hal_rcc_ex.c">
      <Filter>Source files\HALLIB</Filter>
    </ClCompile>
    <ClCompile Include="..\..\..\HALLIB\STM32F4xx_HAL_Driver\Src\stm32f4xx_hal_uart.c">
      <Filter>Source files\HALLIB</Filter>
    </ClCompile>
    <ClCompile Include="..\..\..\HALLIB\STM32F4xx_HAL_Driver\Src\stm32f4xx_hal_usart.c">
      <Filter>Source files\HALLIB</Filter>
    </ClCompile>
    <ClCompile Include="..\..\..\HALLIB\STM32F4xx_HAL_Driver\Src\stm32f4xx_hal_dma.c">
      <Filter>Source files\HALLIB</Filter>
    </ClCompile>
    <ClCompile Include="..\..\..\HALLIB\STM32F4xx_HAL_Driver\Src\stm32f4xx_hal_dma_ex.c">
      <Filter>Source files\HALLIB</Filter>
    </ClCompile>
    <ClCompile Include="..\..\..\SYSTEM\delay\delay.c">
      <Filter>Source files\SYSTEM</Filter>
    </ClCompile>
    <ClCompile Include="..\..\..\SYSTEM\sys\sys.c">
      <Filter>Source files\SYSTEM</Filter>
    </ClCompile>
    <ClCompile Include="..\..\..\SYSTEM\usart\usart.c">
      <Filter>Source files\SYSTEM</Filter>
    </ClCompile>
    <ClCompile Include="..\..\..\HARDWARE\LED\led.c">
      <Filter>Source files\HARDWARE</Filter>
    </ClCompile>
    <ClCompile Include="..\..\..\HARDWARE\KEY\key.c">
      <Filter>Source files\HARDWARE</Filter>
    </ClCompile>
    <None Include="mcu.props">
      <Filter>Source files\Device-specific files</Filter>
    </None>
    <ClInclude Include="..\..\..\CORE\core_cm4.h">
      <Filter>Header files\CORE</Filter>
    </ClInclude>
    <ClInclude Include="..\..\..\CORE\cmsis_armcc.h">
      <Filter>Header files\CORE</Filter>
    </ClInclude>
    <ClInclude Include="..\..\..\CORE\core_cmFunc.h">
      <Filter>Header files\CORE</Filter>
    </ClInclude>
    <ClInclude Include="..\..\..\CORE\core_cmInstr.h">
      <Filter>Header files\CORE</Filter>
    </ClInclude>
    <ClInclude Include="..\..\..\CORE\core_cmSimd.h">
      <Filter>Header files\CORE</Filter>
    </ClInclude>
    <ClInclude Include="$(BSP_ROOT)\Drivers\CMSIS\Device\ST\STM32F4xx\Include\stm32f4xx.h">
      <Filter>Header files\Device-specific files</Filter>
    </ClInclude>
    <None Include="Experiment_04_SerialPort-Debug.vgdbsettings">
      <Filter>VisualGDB settings</Filter>
    </None>
    <None Include="Experiment_04_SerialPort-Release.vgdbsettings">
      <Filter>VisualGDB settings</Filter>
    </None>
    <None Include="MCU.xml">
      <Filter>VisualGDB settings</Filter>
    </None>
  </ItemGroup>
  <ItemGroup>
    <ClInclude Include="C:\Program Files (x86)\Sysprogs\VisualGDB\builtins_ia32.h">
      <Filter>Header files</Filter>
    </ClInclude>
    <ClInclude Include="..\..\..\SYSTEM\delay\delay.h">
      <Filter>Header files</Filter>
    </ClInclude>
    <ClInclude Include="C:\Program Files (x86)\Sysprogs\VisualGDB\gcc_compat.h">
      <Filter>Header files</Filter>
    </ClInclude>
    <ClInclude Include="..\..\..\HARDWARE\KEY\key.h">
      <Filter>Header files</Filter>
    </ClInclude>
    <ClInclude Include="..\..\..\HARDWARE\LED\led.h">
      <Filter>Header files</Filter>
    </ClInclude>
    <ClInclude Include="..\..\..\USER\main.h">
      <Filter>Header files</Filter>
    </ClInclude>
    <ClInclude Include="..\..\..\HALLIB\STM32F4xx_HAL_Driver\Inc\Legacy\stm32_hal_legacy.h">
      <Filter>Header files</Filter>
    </ClInclude>
    <ClInclude Include="..\..\..\USER\stm32f4xx.h">
      <Filter>Header files</Filter>
    </ClInclude>
    <ClInclude Include="..\..\..\HALLIB\STM32F4xx_HAL_Driver\Inc\stm32f4xx_hal.h">
      <Filter>Header files</Filter>
    </ClInclude>
    <ClInclude Include="..\..\..\HALLIB\STM32F4xx_HAL_Driver\Inc\stm32f4xx_hal_adc.h">
      <Filter>Header files</Filter>
    </ClInclude>
    <ClInclude Include="..\..\..\HALLIB\STM32F4xx_HAL_Driver\Inc\stm32f4xx_hal_adc_ex.h">
      <Filter>Header files</Filter>
    </ClInclude>
    <ClInclude Include="..\..\..\HALLIB\STM32F4xx_HAL_Driver\Inc\stm32f4xx_hal_can.h">
      <Filter>Header files</Filter>
    </ClInclude>
    <ClInclude Include="..\..\..\USER\stm32f4xx_hal_conf.h">
      <Filter>Header files</Filter>
    </ClInclude>
    <ClInclude Include="..\..\..\HALLIB\STM32F4xx_HAL_Driver\Inc\stm32f4xx_hal_cortex.h">
      <Filter>Header files</Filter>
    </ClInclude>
    <ClInclude Include="..\..\..\HALLIB\STM32F4xx_HAL_Driver\Inc\stm32f4xx_hal_crc.h">
      <Filter>Header files</Filter>
    </ClInclude>
    <ClInclude Include="..\..\..\HALLIB\STM32F4xx_HAL_Driver\Inc\stm32f4xx_hal_cryp.h">
      <Filter>Header files</Filter>
    </ClInclude>
    <ClInclude Include="..\..\..\HALLIB\STM32F4xx_HAL_Driver\Inc\stm32f4xx_hal_cryp_ex.h">
      <Filter>Header files</Filter>
    </ClInclude>
    <ClInclude Include="..\..\..\HALLIB\STM32F4xx_HAL_Driver\Inc\stm32f4xx_hal_dac.h">
      <Filter>Header files</Filter>
    </ClInclude>
    <ClInclude Include="..\..\..\HALLIB\STM32F4xx_HAL_Driver\Inc\stm32f4xx_hal_dac_ex.h">
      <Filter>Header files</Filter>
    </ClInclude>
    <ClInclude Include="..\..\..\HALLIB\STM32F4xx_HAL_Driver\Inc\stm32f4xx_hal_dcmi.h">
      <Filter>Header files</Filter>
    </ClInclude>
    <ClInclude Include="..\..\..\HALLIB\STM32F4xx_HAL_Driver\Inc\stm32f4xx_hal_dcmi_ex.h">
      <Filter>Header files</Filter>
    </ClInclude>
    <ClInclude Include="..\..\..\HALLIB\STM32F4xx_HAL_Driver\Inc\stm32f4xx_hal_def.h">
      <Filter>Header files</Filter>
    </ClInclude>
    <ClInclude Include="..\..\..\HALLIB\STM32F4xx_HAL_Driver\Inc\stm32f4xx_hal_dma.h">
      <Filter>Header files</Filter>
    </ClInclude>
    <ClInclude Include="..\..\..\HALLIB\STM32F4xx_HAL_Driver\Inc\stm32f4xx_hal_dma_ex.h">
      <Filter>Header files</Filter>
    </ClInclude>
    <ClInclude Include="..\..\..\HALLIB\STM32F4xx_HAL_Driver\Inc\stm32f4xx_hal_dma2d.h">
      <Filter>Header files</Filter>
    </ClInclude>
    <ClInclude Include="..\..\..\HALLIB\STM32F4xx_HAL_Driver\Inc\stm32f4xx_hal_dsi.h">
      <Filter>Header files</Filter>
    </ClInclude>
    <ClInclude Include="..\..\..\HALLIB\STM32F4xx_HAL_Driver\Inc\stm32f4xx_hal_eth.h">
      <Filter>Header files</Filter>
    </ClInclude>
    <ClInclude Include="..\..\..\HALLIB\STM32F4xx_HAL_Driver\Inc\stm32f4xx_hal_flash.h">
      <Filter>Header files</Filter>
    </ClInclude>
    <ClInclude Include="..\..\..\HALLIB\STM32F4xx_HAL_Driver\Inc\stm32f4xx_hal_flash_ex.h">
      <Filter>Header files</Filter>
    </ClInclude>
    <ClInclude Include="..\..\..\HALLIB\STM32F4xx_HAL_Driver\Inc\stm32f4xx_hal_flash_ramfunc.h">
      <Filter>Header files</Filter>
    </ClInclude>
    <ClInclude Include="..\..\..\HALLIB\STM32F4xx_HAL_Driver\Inc\stm32f4xx_hal_gpio.h">
      <Filter>Header files</Filter>
    </ClInclude>
    <ClInclude Include="..\..\..\HALLIB\STM32F4xx_HAL_Driver\Inc\stm32f4xx_hal_gpio_ex.h">
      <Filter>Header files</Filter>
    </ClInclude>
    <ClInclude Include="..\..\..\HALLIB\STM32F4xx_HAL_Driver\Inc\stm32f4xx_hal_hash.h">
      <Filter>Header files</Filter>
    </ClInclude>
    <ClInclude Include="..\..\..\HALLIB\STM32F4xx_HAL_Driver\Inc\stm32f4xx_hal_hash_ex.h">
      <Filter>Header files</Filter>
    </ClInclude>
    <ClInclude Include="..\..\..\HALLIB\STM32F4xx_HAL_Driver\Inc\stm32f4xx_hal_hcd.h">
      <Filter>Header files</Filter>
    </ClInclude>
    <ClInclude Include="..\..\..\HALLIB\STM32F4xx_HAL_Driver\Inc\stm32f4xx_hal_i2c.h">
      <Filter>Header files</Filter>
    </ClInclude>
    <ClInclude Include="..\..\..\HALLIB\STM32F4xx_HAL_Driver\Inc\stm32f4xx_hal_i2c_ex.h">
      <Filter>Header files</Filter>
    </ClInclude>
    <ClInclude Include="..\..\..\HALLIB\STM32F4xx_HAL_Driver\Inc\stm32f4xx_hal_i2s.h">
      <Filter>Header files</Filter>
    </ClInclude>
    <ClInclude Include="..\..\..\HALLIB\STM32F4xx_HAL_Driver\Inc\stm32f4xx_hal_i2s_ex.h">
      <Filter>Header files</Filter>
    </ClInclude>
    <ClInclude Include="..\..\..\HALLIB\STM32F4xx_HAL_Driver\Inc\stm32f4xx_hal_irda.h">
      <Filter>Header files</Filter>
    </ClInclude>
    <ClInclude Include="..\..\..\HALLIB\STM32F4xx_HAL_Driver\Inc\stm32f4xx_hal_iwdg.h">
      <Filter>Header files</Filter>
    </ClInclude>
    <ClInclude Include="..\..\..\HALLIB\STM32F4xx_HAL_Driver\Inc\stm32f4xx_hal_ltdc.h">
      <Filter>Header files</Filter>
    </ClInclude>
    <ClInclude Include="..\..\..\HALLIB\STM32F4xx_HAL_Driver\Inc\stm32f4xx_hal_ltdc_ex.h">
      <Filter>Header files</Filter>
    </ClInclude>
    <ClInclude Include="..\..\..\HALLIB\STM32F4xx_HAL_Driver\Inc\stm32f4xx_hal_nand.h">
      <Filter>Header files</Filter>
    </ClInclude>
    <ClInclude Include="..\..\..\HALLIB\STM32F4xx_HAL_Driver\Inc\stm32f4xx_hal_nor.h">
      <Filter>Header files</Filter>
    </ClInclude>
    <ClInclude Include="..\..\..\HALLIB\STM32F4xx_HAL_Driver\Inc\stm32f4xx_hal_pccard.h">
      <Filter>Header files</Filter>
    </ClInclude>
    <ClInclude Include="..\..\..\HALLIB\STM32F4xx_HAL_Driver\Inc\stm32f4xx_hal_pcd.h">
      <Filter>Header files</Filter>
    </ClInclude>
    <ClInclude Include="..\..\..\HALLIB\STM32F4xx_HAL_Driver\Inc\stm32f4xx_hal_pcd_ex.h">
      <Filter>Header files</Filter>
    </ClInclude>
    <ClInclude Include="..\..\..\HALLIB\STM32F4xx_HAL_Driver\Inc\stm32f4xx_hal_pwr.h">
      <Filter>Header files</Filter>
    </ClInclude>
    <ClInclude Include="..\..\..\HALLIB\STM32F4xx_HAL_Driver\Inc\stm32f4xx_hal_pwr_ex.h">
      <Filter>Header files</Filter>
    </ClInclude>
    <ClInclude Include="..\..\..\HALLIB\STM32F4xx_HAL_Driver\Inc\stm32f4xx_hal_rcc.h">
      <Filter>Header files</Filter>
    </ClInclude>
    <ClInclude Include="..\..\..\HALLIB\STM32F4xx_HAL_Driver\Inc\stm32f4xx_hal_rcc_ex.h">
      <Filter>Header files</Filter>
    </ClInclude>
    <ClInclude Include="..\..\..\HALLIB\STM32F4xx_HAL_Driver\Inc\stm32f4xx_hal_rng.h">
      <Filter>Header files</Filter>
    </ClInclude>
    <ClInclude Include="..\..\..\HALLIB\STM32F4xx_HAL_Driver\Inc\stm32f4xx_hal_rtc.h">
      <Filter>Header files</Filter>
    </ClInclude>
    <ClInclude Include="..\..\..\HALLIB\STM32F4xx_HAL_Driver\Inc\stm32f4xx_hal_rtc_ex.h">
      <Filter>Header files</Filter>
    </ClInclude>
    <ClInclude Include="..\..\..\HALLIB\STM32F4xx_HAL_Driver\Inc\stm32f4xx_hal_sai.h">
      <Filter>Header files</Filter>
    </ClInclude>
    <ClInclude Include="..\..\..\HALLIB\STM32F4xx_HAL_Driver\Inc\stm32f4xx_hal_sai_ex.h">
      <Filter>Header files</Filter>
    </ClInclude>
    <ClInclude Include="..\..\..\HALLIB\STM32F4xx_HAL_Driver\Inc\stm32f4xx_hal_sd.h">
      <Filter>Header files</Filter>
    </ClInclude>
    <ClInclude Include="..\..\..\HALLIB\STM32F4xx_HAL_Driver\Inc\stm32f4xx_hal_sdram.h">
      <Filter>Header files</Filter>
    </ClInclude>
    <ClInclude Include="..\..\..\HALLIB\STM32F4xx_HAL_Driver\Inc\stm32f4xx_hal_smartcard.h">
      <Filter>Header files</Filter>
    </ClInclude>
    <ClInclude Include="..\..\..\HALLIB\STM32F4xx_HAL_Driver\Inc\stm32f4xx_hal_spi.h">
      <Filter>Header files</Filter>
    </ClInclude>
    <ClInclude Include="..\..\..\HALLIB\STM32F4xx_HAL_Driver\Inc\stm32f4xx_hal_sram.h">
      <Filter>Header files</Filter>
    </ClInclude>
    <ClInclude Include="..\..\..\HALLIB\STM32F4xx_HAL_Driver\Inc\stm32f4xx_hal_tim.h">
      <Filter>Header files</Filter>
    </ClInclude>
    <ClInclude Include="..\..\..\HALLIB\STM32F4xx_HAL_Driver\Inc\stm32f4xx_hal_tim_ex.h">
      <Filter>Header files</Filter>
    </ClInclude>
    <ClInclude Include="..\..\..\HALLIB\STM32F4xx_HAL_Driver\Inc\stm32f4xx_hal_uart.h">
      <Filter>Header files</Filter>
    </ClInclude>
    <ClInclude Include="..\..\..\HALLIB\STM32F4xx_HAL_Driver\Inc\stm32f4xx_hal_usart.h">
      <Filter>Header files</Filter>
    </ClInclude>
    <ClInclude Include="..\..\..\HALLIB\STM32F4xx_HAL_Driver\Inc\stm32f4xx_hal_wwdg.h">
      <Filter>Header files</Filter>
    </ClInclude>
    <ClInclude Include="..\..\..\USER\stm32f4xx_it.h">
      <Filter>Header files</Filter>
    </ClInclude>
    <ClInclude Include="..\..\..\HALLIB\STM32F4xx_HAL_Driver\Inc\stm32f4xx_ll_fmc.h">
      <Filter>Header files</Filter>
    </ClInclude>
    <ClInclude Include="..\..\..\HALLIB\STM32F4xx_HAL_Driver\Inc\stm32f4xx_ll_fsmc.h">
      <Filter>Header files</Filter>
    </ClInclude>
    <ClInclude Include="..\..\..\HALLIB\STM32F4xx_HAL_Driver\Inc\stm32f4xx_ll_sdmmc.h">
      <Filter>Header files</Filter>
    </ClInclude>
    <ClInclude Include="..\..\..\HALLIB\STM32F4xx_HAL_Driver\Inc\stm32f4xx_ll_usb.h">
      <Filter>Header files</Filter>
    </ClInclude>
    <ClInclude Include="G:\MDK\ARM\PACK\Keil\STM32F4xx_DFP\2.6.0\Drivers\CMSIS\Device\ST\STM32F4xx\Include\stm32f401xc.h">
      <Filter>Header files</Filter>
    </ClInclude>
    <ClInclude Include="G:\MDK\ARM\PACK\Keil\STM32F4xx_DFP\2.6.0\Drivers\CMSIS\Device\ST\STM32F4xx\Include\stm32f401xe.h">
      <Filter>Header files</Filter>
    </ClInclude>
    <ClInclude Include="G:\MDK\ARM\PACK\Keil\STM32F4xx_DFP\2.6.0\Drivers\CMSIS\Device\ST\STM32F4xx\Include\stm32f405xx.h">
      <Filter>Header files</Filter>
    </ClInclude>
    <ClInclude Include="..\..\..\USER\stm32f407xx.h">
      <Filter>Header files</Filter>
    </ClInclude>
    <ClInclude Include="G:\MDK\ARM\PACK\Keil\STM32F4xx_DFP\2.6.0\Drivers\CMSIS\Device\ST\STM32F4xx\Include\stm32f410cx.h">
      <Filter>Header files</Filter>
    </ClInclude>
    <ClInclude Include="G:\MDK\ARM\PACK\Keil\STM32F4xx_DFP\2.6.0\Drivers\CMSIS\Device\ST\STM32F4xx\Include\stm32f410rx.h">
      <Filter>Header files</Filter>
    </ClInclude>
    <ClInclude Include="G:\MDK\ARM\PACK\Keil\STM32F4xx_DFP\2.6.0\Drivers\CMSIS\Device\ST\STM32F4xx\Include\stm32f410tx.h">
      <Filter>Header files</Filter>
    </ClInclude>
    <ClInclude Include="G:\MDK\ARM\PACK\Keil\STM32F4xx_DFP\2.6.0\Drivers\CMSIS\Device\ST\STM32F4xx\Include\stm32f411xe.h">
      <Filter>Header files</Filter>
    </ClInclude>
    <ClInclude Include="G:\MDK\ARM\PACK\Keil\STM32F4xx_DFP\2.6.0\Drivers\CMSIS\Device\ST\STM32F4xx\Include\stm32f415xx.h">
      <Filter>Header files</Filter>
    </ClInclude>
    <ClInclude Include="G:\MDK\ARM\PACK\Keil\STM32F4xx_DFP\2.6.0\Drivers\CMSIS\Device\ST\STM32F4xx\Include\stm32f417xx.h">
      <Filter>Header files</Filter>
    </ClInclude>
    <ClInclude Include="G:\MDK\ARM\PACK\Keil\STM32F4xx_DFP\2.6.0\Drivers\CMSIS\Device\ST\STM32F4xx\Include\stm32f427xx.h">
      <Filter>Header files</Filter>
    </ClInclude>
    <ClInclude Include="G:\MDK\ARM\PACK\Keil\STM32F4xx_DFP\2.6.0\Drivers\CMSIS\Device\ST\STM32F4xx\Include\stm32f429xx.h">
      <Filter>Header files</Filter>
    </ClInclude>
    <ClInclude Include="G:\MDK\ARM\PACK\Keil\STM32F4xx_DFP\2.6.0\Drivers\CMSIS\Device\ST\STM32F4xx\Include\stm32f437xx.h">
      <Filter>Header files</Filter>
    </ClInclude>
    <ClInclude Include="G:\MDK\ARM\PACK\Keil\STM32F4xx_DFP\2.6.0\Drivers\CMSIS\Device\ST\STM32F4xx\Include\stm32f439xx.h">
      <Filter>Header files</Filter>
    </ClInclude>
    <ClInclude Include="G:\MDK\ARM\PACK\Keil\STM32F4xx_DFP\2.6.0\Drivers\CMSIS\Device\ST\STM32F4xx\Include\stm32f446xx.h">
      <Filter>Header files</Filter>
    </ClInclude>
    <ClInclude Include="G:\MDK\ARM\PACK\Keil\STM32F4xx_DFP\2.6.0\Drivers\CMSIS\Device\ST\STM32F4xx\Include\stm32f469xx.h">
      <Filter>Header files</Filter>
    </ClInclude>
    <ClInclude Include="G:\MDK\ARM\PACK\Keil\STM32F4xx_DFP\2.6.0\Drivers\CMSIS\Device\ST\STM32F4xx\Include\stm32f479xx.h">
      <Filter>Header files</Filter>
    </ClInclude>
    <ClInclude Include="..\..\..\SYSTEM\sys\sys.h">
      <Filter>Header files</Filter>
    </ClInclude>
    <ClInclude Include="G:\MDK\ARM\PACK\Keil\STM32F4xx_DFP\2.6.0\Drivers\CMSIS\Device\ST\STM32F4xx\Include\system_stm32f4xx.h">
      <Filter>Header files</Filter>
    </ClInclude>
    <ClInclude Include="..\..\..\SYSTEM\usart\usart.h">
      <Filter>Header files</Filter>
    </ClInclude>
  </ItemGroup>
  <ItemGroup>
    <None Include="..\..\..\readme.txt">
      <Filter>Resource files</Filter>
    </None>
  </ItemGroup>
</Project>